
Microsoft Visual Studio Solution File, Format Version 12.00
# Visual Studio 15
VisualStudioVersion = 15.0.28307.168
MinimumVisualStudioVersion = 10.0.40219.1
Project("{FAE04EC0-301F-11D3-BF4B-00C04F79EFBC}") = "SqlLiteDemo.Android", "SqlLiteDemo\SqlLiteDemo.Android\SqlLiteDemo.Android.csproj", "{3FB7BF79-5723-4DA8-816C-11996CA31314}"
EndProject
Project("{FAE04EC0-301F-11D3-BF4B-00C04F79EFBC}") = "SqlLiteDemo.iOS", "SqlLiteDemo\SqlLiteDemo.iOS\SqlLiteDemo.iOS.csproj", "{ACB17B30-A5CC-4375-9A92-0152985D6AD3}"
EndProject
Project("{FAE04EC0-301F-11D3-BF4B-00C04F79EFBC}") = "SqlLiteDemo", "SqlLiteDemo\SqlLiteDemo\SqlLiteDemo.csproj", "{28E78A75-B065-4493-B979-973965EEA824}"
EndProject
Global
	GlobalSection(SolutionConfigurationPlatforms) = preSolution
		Ad-Hoc|Any CPU = Ad-Hoc|Any CPU
		Ad-Hoc|iPhone = Ad-Hoc|iPhone
		Ad-Hoc|iPhoneSimulator = Ad-Hoc|iPhoneSimulator
		AppStore|Any CPU = AppStore|Any CPU
		AppStore|iPhone = AppStore|iPhone
		AppStore|iPhoneSimulator = AppStore|iPhoneSimulator
		Debug|Any CPU = Debug|Any CPU
		Debug|iPhone = Debug|iPhone
		Debug|iPhoneSimulator = Debug|iPhoneSimulator
		Release|Any CPU = Release|Any CPU
		Release|iPhone = Release|iPhone
		Release|iPhoneSimulator = Release|iPhoneSimulator
	EndGlobalSection
	GlobalSection(ProjectConfigurationPlatforms) = postSolution
		{3FB7BF79-5723-4DA8-816C-11996CA31314}.Ad-Hoc|Any CPU.ActiveCfg = Release|Any CPU
		{3FB7BF79-5723-4DA8-816C-11996CA31314}.Ad-Hoc|Any CPU.Build.0 = Release|Any CPU
		{3FB7BF79-5723-4DA8-816C-11996CA31314}.Ad-Hoc|Any CPU.Deploy.0 = Release|Any CPU
		{3FB7BF79-5723-4DA8-816C-11996CA31314}.Ad-Hoc|iPhone.ActiveCfg = Release|Any CPU
		{3FB7BF79-5723-4DA8-816C-11996CA31314}.Ad-Hoc|iPhone.Build.0 = Release|Any CPU
		{3FB7BF79-5723-4DA8-816C-11996CA31314}.Ad-Hoc|iPhone.Deploy.0 = Release|Any CPU
		{3FB7BF79-5723-4DA8-816C-11996CA31314}.Ad-Hoc|iPhoneSimulator.ActiveCfg = Release|Any CPU
		{3FB7BF79-5723-4DA8-816C-11996CA31314}.Ad-Hoc|iPhoneSimulator.Build.0 = Release|Any CPU
		{3FB7BF79-5723-4DA8-816C-11996CA31314}.Ad-Hoc|iPhoneSimulator.Deploy.0 = Release|Any CPU
		{3FB7BF79-5723-4DA8-816C-11996CA31314}.AppStore|Any CPU.ActiveCfg = Release|Any CPU
		{3FB7BF79-5723-4DA8-816C-11996CA31314}.AppStore|Any CPU.Build.0 = Release|Any CPU
		{3FB7BF79-5723-4DA8-816C-11996CA31314}.AppStore|Any CPU.Deploy.0 = Release|Any CPU
		{3FB7BF79-5723-4DA8-816C-11996CA31314}.AppStore|iPhone.ActiveCfg = Release|Any CPU
		{3FB7BF79-5723-4DA8-816C-11996CA31314}.AppStore|iPhone.Build.0 = Release|Any CPU
		{3FB7BF79-5723-4DA8-816C-11996CA31314}.AppStore|iPhone.Deploy.0 = Release|Any CPU
		{3FB7BF79-5723-4DA8-816C-11996CA31314}.AppStore|iPhoneSimulator.ActiveCfg = Release|Any CPU
		{3FB7BF79-5723-4DA8-816C-11996CA31314}.AppStore|iPhoneSimulator.Build.0 = Release|Any CPU
		{3FB7BF79-5723-4DA8-816C-11996CA31314}.AppStore|iPhoneSimulator.Deploy.0 = Release|Any CPU
		{3FB7BF79-5723-4DA8-816C-11996CA31314}.Debug|Any CPU.ActiveCfg = Debug|Any CPU
		{3FB7BF79-5723-4DA8-816C-11996CA31314}.Debug|Any CPU.Build.0 = Debug|Any CPU
		{3FB7BF79-5723-4DA8-816C-11996CA31314}.Debug|Any CPU.Deploy.0 = Debug|Any CPU
		{3FB7BF79-5723-4DA8-816C-11996CA31314}.Debug|iPhone.ActiveCfg = Debug|Any CPU
		{3FB7BF79-5723-4DA8-816C-11996CA31314}.Debug|iPhone.Build.0 = Debug|Any CPU
		{3FB7BF79-5723-4DA8-816C-11996CA31314}.Debug|iPhone.Deploy.0 = Debug|Any CPU
		{3FB7BF79-5723-4DA8-816C-11996CA31314}.Debug|iPhoneSimulator.ActiveCfg = Debug|Any CPU
		{3FB7BF79-5723-4DA8-816C-11996CA31314}.Debug|iPhoneSimulator.Build.0 = Debug|Any CPU
		{3FB7BF79-5723-4DA8-816C-11996CA31314}.Debug|iPhoneSimulator.Deploy.0 = Debug|Any CPU
		{3FB7BF79-5723-4DA8-816C-11996CA31314}.Release|Any CPU.ActiveCfg = Release|Any CPU
		{3FB7BF79-5723-4DA8-816C-11996CA31314}.Release|Any CPU.Build.0 = Release|Any CPU
		{3FB7BF79-5723-4DA8-816C-11996CA31314}.Release|Any CPU.Deploy.0 = Release|Any CPU
		{3FB7BF79-5723-4DA8-816C-11996CA31314}.Release|iPhone.ActiveCfg = Release|Any CPU
		{3FB7BF79-5723-4DA8-816C-11996CA31314}.Release|iPhone.Build.0 = Release|Any CPU
		{3FB7BF79-5723-4DA8-816C-11996CA31314}.Release|iPhone.Deploy.0 = Release|Any CPU
		{3FB7BF79-5723-4DA8-816C-11996CA31314}.Release|iPhoneSimulator.ActiveCfg = Release|Any CPU
		{3FB7BF79-5723-4DA8-816C-11996CA31314}.Release|iPhoneSimulator.Build.0 = Release|Any CPU
		{3FB7BF79-5723-4DA8-816C-11996CA31314}.Release|iPhoneSimulator.Deploy.0 = Release|Any CPU
		{ACB17B30-A5CC-4375-9A92-0152985D6AD3}.Ad-Hoc|Any CPU.ActiveCfg = Ad-Hoc|iPhone
		{ACB17B30-A5CC-4375-9A92-0152985D6AD3}.Ad-Hoc|Any CPU.Build.0 = Ad-Hoc|iPhone
		{ACB17B30-A5CC-4375-9A92-0152985D6AD3}.Ad-Hoc|Any CPU.Deploy.0 = Ad-Hoc|iPhone
		{ACB17B30-A5CC-4375-9A92-0152985D6AD3}.Ad-Hoc|iPhone.ActiveCfg = Ad-Hoc|iPhone
		{ACB17B30-A5CC-4375-9A92-0152985D6AD3}.Ad-Hoc|iPhone.Build.0 = Ad-Hoc|iPhone
		{ACB17B30-A5CC-4375-9A92-0152985D6AD3}.Ad-Hoc|iPhone.Deploy.0 = Ad-Hoc|iPhone
		{ACB17B30-A5CC-4375-9A92-0152985D6AD3}.Ad-Hoc|iPhoneSimulator.ActiveCfg = Ad-Hoc|iPhoneSimulator
		{ACB17B30-A5CC-4375-9A92-0152985D6AD3}.Ad-Hoc|iPhoneSimulator.Build.0 = Ad-Hoc|iPhoneSimulator
		{ACB17B30-A5CC-4375-9A92-0152985D6AD3}.Ad-Hoc|iPhoneSimulator.Deploy.0 = Ad-Hoc|iPhoneSimulator
		{ACB17B30-A5CC-4375-9A92-0152985D6AD3}.AppStore|Any CPU.ActiveCfg = AppStore|iPhone
		{ACB17B30-A5CC-4375-9A92-0152985D6AD3}.AppStore|Any CPU.Build.0 = AppStore|iPhone
		{ACB17B30-A5CC-4375-9A92-0152985D6AD3}.AppStore|Any CPU.Deploy.0 = AppStore|iPhone
		{ACB17B30-A5CC-4375-9A92-0152985D6AD3}.AppStore|iPhone.ActiveCfg = AppStore|iPhone
		{ACB17B30-A5CC-4375-9A92-0152985D6AD3}.AppStore|iPhone.Build.0 = AppStore|iPhone
		{ACB17B30-A5CC-4375-9A92-0152985D6AD3}.AppStore|iPhone.Deploy.0 = AppStore|iPhone
		{ACB17B30-A5CC-4375-9A92-0152985D6AD3}.AppStore|iPhoneSimulator.ActiveCfg = AppStore|iPhoneSimulator
		{ACB17B30-A5CC-4375-9A92-0152985D6AD3}.AppStore|iPhoneSimulator.Build.0 = AppStore|iPhoneSimulator
		{ACB17B30-A5CC-4375-9A92-0152985D6AD3}.AppStore|iPhoneSimulator.Deploy.0 = AppStore|iPhoneSimulator
		{ACB17B30-A5CC-4375-9A92-0152985D6AD3}.Debug|Any CPU.ActiveCfg = Debug|iPhoneSimulator
		{ACB17B30-A5CC-4375-9A92-0152985D6AD3}.Debug|Any CPU.Build.0 = Debug|iPhoneSimulator
		{ACB17B30-A5CC-4375-9A92-0152985D6AD3}.Debug|Any CPU.Deploy.0 = Debug|iPhoneSimulator
		{ACB17B30-A5CC-4375-9A92-0152985D6AD3}.Debug|iPhone.ActiveCfg = Debug|iPhone
		{ACB17B30-A5CC-4375-9A92-0152985D6AD3}.Debug|iPhone.Build.0 = Debug|iPhone
		{ACB17B30-A5CC-4375-9A92-0152985D6AD3}.Debug|iPhone.Deploy.0 = Debug|iPhone
		{ACB17B30-A5CC-4375-9A92-0152985D6AD3}.Debug|iPhoneSimulator.ActiveCfg = Debug|iPhoneSimulator
		{ACB17B30-A5CC-4375-9A92-0152985D6AD3}.Debug|iPhoneSimulator.Build.0 = Debug|iPhoneSimulator
		{ACB17B30-A5CC-4375-9A92-0152985D6AD3}.Debug|iPhoneSimulator.Deploy.0 = Debug|iPhoneSimulator
		{ACB17B30-A5CC-4375-9A92-0152985D6AD3}.Release|Any CPU.ActiveCfg = Release|iPhone
		{ACB17B30-A5CC-4375-9A92-0152985D6AD3}.Release|Any CPU.Build.0 = Release|iPhone
		{ACB17B30-A5CC-4375-9A92-0152985D6AD3}.Release|Any CPU.Deploy.0 = Release|iPhone
		{ACB17B30-A5CC-4375-9A92-0152985D6AD3}.Release|iPhone.ActiveCfg = Release|iPhone
		{ACB17B30-A5CC-4375-9A92-0152985D6AD3}.Release|iPhone.Build.0 = Release|iPhone
		{ACB17B30-A5CC-4375-9A92-0152985D6AD3}.Release|iPhone.Deploy.0 = Release|iPhone
		{ACB17B30-A5CC-4375-9A92-0152985D6AD3}.Release|iPhoneSimulator.ActiveCfg = Release|iPhoneSimulator
		{ACB17B30-A5CC-4375-9A92-0152985D6AD3}.Release|iPhoneSimulator.Build.0 = Release|iPhoneSimulator
		{ACB17B30-A5CC-4375-9A92-0152985D6AD3}.Release|iPhoneSimulator.Deploy.0 = Release|iPhoneSimulator
		{28E78A75-B065-4493-B979-973965EEA824}.Ad-Hoc|Any CPU.ActiveCfg = Debug|Any CPU
		{28E78A75-B065-4493-B979-973965EEA824}.Ad-Hoc|Any CPU.Build.0 = Debug|Any CPU
		{28E78A75-B065-4493-B979-973965EEA824}.Ad-Hoc|Any CPU.Deploy.0 = Debug|Any CPU
		{28E78A75-B065-4493-B979-973965EEA824}.Ad-Hoc|iPhone.ActiveCfg = Debug|Any CPU
		{28E78A75-B065-4493-B979-973965EEA824}.Ad-Hoc|iPhone.Build.0 = Debug|Any CPU
		{28E78A75-B065-4493-B979-973965EEA824}.Ad-Hoc|iPhone.Deploy.0 = Debug|Any CPU
		{28E78A75-B065-4493-B979-973965EEA824}.Ad-Hoc|iPhoneSimulator.ActiveCfg = Debug|Any CPU
		{28E78A75-B065-4493-B979-973965EEA824}.Ad-Hoc|iPhoneSimulator.Build.0 = Debug|Any CPU
		{28E78A75-B065-4493-B979-973965EEA824}.Ad-Hoc|iPhoneSimulator.Deploy.0 = Debug|Any CPU
		{28E78A75-B065-4493-B979-973965EEA824}.AppStore|Any CPU.ActiveCfg = Debug|Any CPU
		{28E78A75-B065-4493-B979-973965EEA824}.AppStore|Any CPU.Build.0 = Debug|Any CPU
		{28E78A75-B065-4493-B979-973965EEA824}.AppStore|Any CPU.Deploy.0 = Debug|Any CPU
		{28E78A75-B065-4493-B979-973965EEA824}.AppStore|iPhone.ActiveCfg = Debug|Any CPU
		{28E78A75-B065-4493-B979-973965EEA824}.AppStore|iPhone.Build.0 = Debug|Any CPU
		{28E78A75-B065-4493-B979-973965EEA824}.AppStore|iPhone.Deploy.0 = Debug|Any CPU
		{28E78A75-B065-4493-B979-973965EEA824}.AppStore|iPhoneSimulator.ActiveCfg = Debug|Any CPU
		{28E78A75-B065-4493-B979-973965EEA824}.AppStore|iPhoneSimulator.Build.0 = Debug|Any CPU
		{28E78A75-B065-4493-B979-973965EEA824}.AppStore|iPhoneSimulator.Deploy.0 = Debug|Any CPU
		{28E78A75-B065-4493-B979-973965EEA824}.Debug|Any CPU.ActiveCfg = Debug|Any CPU
		{28E78A75-B065-4493-B979-973965EEA824}.Debug|Any CPU.Build.0 = Debug|Any CPU
		{28E78A75-B065-4493-B979-973965EEA824}.Debug|Any CPU.Deploy.0 = Debug|Any CPU
		{28E78A75-B065-4493-B979-973965EEA824}.Debug|iPhone.ActiveCfg = Debug|Any CPU
		{28E78A75-B065-4493-B979-973965EEA824}.Debug|iPhone.Build.0 = Debug|Any CPU
		{28E78A75-B065-4493-B979-973965EEA824}.Debug|iPhone.Deploy.0 = Debug|Any CPU
		{28E78A75-B065-4493-B979-973965EEA824}.Debug|iPhoneSimulator.ActiveCfg = Debug|Any CPU
		{28E78A75-B065-4493-B979-973965EEA824}.Debug|iPhoneSimulator.Build.0 = Debug|Any CPU
		{28E78A75-B065-4493-B979-973965EEA824}.Debug|iPhoneSimulator.Deploy.0 = Debug|Any CPU
		{28E78A75-B065-4493-B979-973965EEA824}.Release|Any CPU.ActiveCfg = Release|Any CPU
		{28E78A75-B065-4493-B979-973965EEA824}.Release|Any CPU.Build.0 = Release|Any CPU
		{28E78A75-B065-4493-B979-973965EEA824}.Release|Any CPU.Deploy.0 = Release|Any CPU
		{28E78A75-B065-4493-B979-973965EEA824}.Release|iPhone.ActiveCfg = Release|Any CPU
		{28E78A75-B065-4493-B979-973965EEA824}.Release|iPhone.Build.0 = Release|Any CPU
		{28E78A75-B065-4493-B979-973965EEA824}.Release|iPhone.Deploy.0 = Release|Any CPU
		{28E78A75-B065-4493-B979-973965EEA824}.Release|iPhoneSimulator.ActiveCfg = Release|Any CPU
		{28E78A75-B065-4493-B979-973965EEA824}.Release|iPhoneSimulator.Build.0 = Release|Any CPU
		{28E78A75-B065-4493-B979-973965EEA824}.Release|iPhoneSimulator.Deploy.0 = Release|Any CPU
	EndGlobalSection
	GlobalSection(SolutionProperties) = preSolution
		HideSolutionNode = FALSE
	EndGlobalSection
	GlobalSection(ExtensibilityGlobals) = postSolution
		SolutionGuid = {E8A0B47B-BDF7-4585-9266-C215AA0533B2}
	EndGlobalSection
EndGlobal
